
Microsoft Visual Studio Solution File, Format Version 12.00
# Visual Studio Version 16
VisualStudioVersion = 16.0.31702.278
MinimumVisualStudioVersion = 10.0.40219.1
Project("{FAE04EC0-301F-11D3-BF4B-00C04F79EFBC}") = "Ejercicio1_Clase14", "Ejercicio1_Clase14\Ejercicio1_Clase14.csproj", "{BFDCCF48-0EB6-4E73-B811-9DB0D90E2BB2}"
EndProject
Global
	GlobalSection(SolutionConfigurationPlatforms) = preSolution
		Debug|Any CPU = Debug|Any CPU
		Release|Any CPU = Release|Any CPU
	EndGlobalSection
	GlobalSection(ProjectConfigurationPlatforms) = postSolution
		{BFDCCF48-0EB6-4E73-B811-9DB0D90E2BB2}.Debug|Any CPU.ActiveCfg = Debug|Any CPU
		{BFDCCF48-0EB6-4E73-B811-9DB0D90E2BB2}.Debug|Any CPU.Build.0 = Debug|Any CPU
		{BFDCCF48-0EB6-4E73-B811-9DB0D90E2BB2}.Release|Any CPU.ActiveCfg = Release|Any CPU
		{BFDCCF48-0EB6-4E73-B811-9DB0D90E2BB2}.Release|Any CPU.Build.0 = Release|Any CPU
	EndGlobalSection
	GlobalSection(SolutionProperties) = preSolution
		HideSolutionNode = FALSE
	EndGlobalSection
	GlobalSection(ExtensibilityGlobals) = postSolution
		SolutionGuid = {81301C8B-7508-4CFA-B7B3-0B0A8C82C86C}
	EndGlobalSection
EndGlobal
