
Microsoft Visual Studio Solution File, Format Version 12.00
# Visual Studio Version 16
VisualStudioVersion = 16.0.31702.278
MinimumVisualStudioVersion = 10.0.40219.1
Project("{FAE04EC0-301F-11D3-BF4B-00C04F79EFBC}") = "Ejercicio2_Clase14", "Ejercicio2_Clase14\Ejercicio2_Clase14.csproj", "{7A6BDEF4-CF49-46AA-A5AB-720054442F40}"
EndProject
Global
	GlobalSection(SolutionConfigurationPlatforms) = preSolution
		Debug|Any CPU = Debug|Any CPU
		Release|Any CPU = Release|Any CPU
	EndGlobalSection
	GlobalSection(ProjectConfigurationPlatforms) = postSolution
		{7A6BDEF4-CF49-46AA-A5AB-720054442F40}.Debug|Any CPU.ActiveCfg = Debug|Any CPU
		{7A6BDEF4-CF49-46AA-A5AB-720054442F40}.Debug|Any CPU.Build.0 = Debug|Any CPU
		{7A6BDEF4-CF49-46AA-A5AB-720054442F40}.Release|Any CPU.ActiveCfg = Release|Any CPU
		{7A6BDEF4-CF49-46AA-A5AB-720054442F40}.Release|Any CPU.Build.0 = Release|Any CPU
	EndGlobalSection
	GlobalSection(SolutionProperties) = preSolution
		HideSolutionNode = FALSE
	EndGlobalSection
	GlobalSection(ExtensibilityGlobals) = postSolution
		SolutionGuid = {56378E91-6098-4C3F-8489-E1635B26360B}
	EndGlobalSection
EndGlobal
